{
  "nodes": {
    "blscurve-master": {
      "inputs": {
        "flakeNimbleLib": [
          "flakeNimbleLib"
        ],
        "nimcrypto": "nimcrypto",
        "nixpkgs": [
          "nixpkgs"
        ],
        "src-blscurve-master": "src-blscurve-master",
        "stew": "stew",
        "taskpools": "taskpools"
      },
      "locked": {
        "dir": "master",
        "lastModified": 1658019039,
        "narHash": "sha256-lpGoDczRtWVF+Vli8mw9swHtKd8F35b5auGprATLK4A=",
        "owner": "nim-nix-pkgs",
        "repo": "blscurve",
        "rev": "db34d53170aed8aecd872e6142165caf614efbf1",
        "type": "github"
      },
      "original": {
        "dir": "master",
        "owner": "nim-nix-pkgs",
        "ref": "master",
        "repo": "blscurve",
        "type": "github"
      }
    },
    "flakeNimbleLib": {
      "inputs": {
        "nixpkgs": [
          "nixpkgs"
        ]
      },
      "locked": {
        "lastModified": 1648105061,
        "narHash": "sha256-Je25qNlH4xrH3+m6vIq6yPvdfQ80FRTwX4JOhrRLduc=",
        "owner": "riinr",
        "repo": "nim-flakes-lib",
        "rev": "f1ec5e2f15b9f717c33b6942ce7cb344ff868522",
        "type": "github"
      },
      "original": {
        "owner": "riinr",
        "ref": "master",
        "repo": "nim-flakes-lib",
        "type": "github"
      }
    },
    "nimcrypto": {
      "inputs": {
        "flakeNimbleLib": [
          "blscurve-master",
          "flakeNimbleLib"
        ],
        "nixpkgs": [
          "blscurve-master",
          "nixpkgs"
        ],
        "src-nimcrypto-master": "src-nimcrypto-master"
      },
      "locked": {
        "dir": "master",
        "lastModified": 1658018092,
        "narHash": "sha256-fqU0hyWWnvkldg+FZXb5XKwIDwWvWN/smJwDCHcRXus=",
        "owner": "nim-nix-pkgs",
        "repo": "nimcrypto",
        "rev": "88114ce9c84be760eeae634e68770584c8799d79",
        "type": "github"
      },
      "original": {
        "dir": "master",
        "owner": "nim-nix-pkgs",
        "ref": "master",
        "repo": "nimcrypto",
        "type": "github"
      }
    },
    "nixpkgs": {
      "locked": {
        "lastModified": 0,
        "narHash": "sha256-BBeCZwZImtjP3oYy4WogkQYy5OxNyfNciVSc1AfZgLQ=",
        "path": "/nix/store/z8fi1f38y14lmsyhnph1l98qr3r9x7wr-source",
        "type": "path"
      },
      "original": {
        "id": "nixpkgs",
        "type": "indirect"
      }
    },
    "root": {
      "inputs": {
        "blscurve-master": "blscurve-master",
        "flakeNimbleLib": "flakeNimbleLib",
        "nixpkgs": "nixpkgs"
      }
    },
    "src-blscurve-master": {
      "flake": false,
      "locked": {
        "lastModified": 1657657680,
        "narHash": "sha256-SkiHmC9BGIyHt0gQV8E4YjRjQwQ0kw/b6usVhC8TQ6Y=",
        "owner": "status-im",
        "repo": "nim-blscurve",
        "rev": "8d80a735451e9ccf5595316b76728e2709aea35b",
        "type": "github"
      },
      "original": {
        "owner": "status-im",
        "ref": "refs/heads/master",
        "repo": "nim-blscurve",
        "type": "github"
      }
    },
    "src-nimcrypto-master": {
      "flake": false,
      "locked": {
        "lastModified": 1657063458,
        "narHash": "sha256-KHCMS3ElOS0V3cBmsAuRZGivz8bq5WLUKZOHpg7/Kgg=",
        "owner": "cheatfate",
        "repo": "nimcrypto",
        "rev": "24e006df85927f64916e60511620583b11403178",
        "type": "github"
      },
      "original": {
        "owner": "cheatfate",
        "ref": "refs/heads/master",
        "repo": "nimcrypto",
        "type": "github"
      }
    },
    "src-stew-master": {
      "flake": false,
      "locked": {
        "lastModified": 1657991771,
        "narHash": "sha256-RZnenro1b29z6djs20LMsOu6dZVpNJs69sFAAvWJoeE=",
        "owner": "status-im",
        "repo": "nim-stew",
        "rev": "9a3130eb5b76c6504d6e6f8f86556c34f70300ef",
        "type": "github"
      },
      "original": {
        "owner": "status-im",
        "ref": "refs/heads/master",
        "repo": "nim-stew",
        "type": "github"
      }
    },
    "src-taskpools-v0_0_3": {
      "flake": false,
      "locked": {
        "lastModified": 1644327016,
        "narHash": "sha256-kUtpbdeTtaCb2HOEsqGQfddG4VMZE8Aew46W3Gdr4vM=",
        "owner": "status-im",
        "repo": "nim-taskpools",
        "rev": "8d408ac6cfc9c24ec8b7b65d5993e85050dcbaa9",
        "type": "github"
      },
      "original": {
        "owner": "status-im",
        "ref": "refs/tags/v0.0.3",
        "repo": "nim-taskpools",
        "type": "github"
      }
    },
    "stew": {
      "inputs": {
        "flakeNimbleLib": [
          "blscurve-master",
          "flakeNimbleLib"
        ],
        "nixpkgs": [
          "blscurve-master",
          "nixpkgs"
        ],
        "src-stew-master": "src-stew-master"
      },
      "locked": {
        "dir": "master",
        "lastModified": 1658018290,
        "narHash": "sha256-MPgv/7iwt5WqEVTejBpTmV1Cszqr/amfVRs2omjeqD4=",
        "owner": "nim-nix-pkgs",
        "repo": "stew",
        "rev": "0915ef284846f71492453cb4935afb73e326f18b",
        "type": "github"
      },
      "original": {
        "dir": "master",
        "owner": "nim-nix-pkgs",
        "ref": "master",
        "repo": "stew",
        "type": "github"
      }
    },
    "taskpools": {
      "inputs": {
        "flakeNimbleLib": [
          "blscurve-master",
          "flakeNimbleLib"
        ],
        "nixpkgs": [
          "blscurve-master",
          "nixpkgs"
        ],
        "src-taskpools-v0_0_3": "src-taskpools-v0_0_3"
      },
      "locked": {
        "dir": "v0_0_3",
        "lastModified": 1658018306,
        "narHash": "sha256-yuDWp1eeV/p1HnbRAvwIdwupcW/uO3aef9OAJQ5zpK8=",
        "owner": "nim-nix-pkgs",
        "repo": "taskpools",
        "rev": "6b6a8cf861986fc1a71d73dae2093d351b70f64a",
        "type": "github"
      },
      "original": {
        "dir": "v0_0_3",
        "owner": "nim-nix-pkgs",
        "ref": "master",
        "repo": "taskpools",
        "type": "github"
      }
    }
  },
  "root": "root",
  "version": 7
}
